// !$*UTF8*$!
{
	archiveVersion = 1;
	classes = {
	};
	objectVersion = 56;
	objects = {

/* Begin PBXBuildFile section */
		552A7A302B6E7586000230FA /* AppDelegate.swift in Sources */ = {isa = PBXBuildFile; fileRef = 552A7A2F2B6E7586000230FA /* AppDelegate.swift */; };
		552A7A322B6E7586000230FA /* SceneDelegate.swift in Sources */ = {isa = PBXBuildFile; fileRef = 552A7A312B6E7586000230FA /* SceneDelegate.swift */; };
		552A7A392B6E7587000230FA /* Assets.xcassets in Resources */ = {isa = PBXBuildFile; fileRef = 552A7A382B6E7587000230FA /* Assets.xcassets */; };
		552A7A3C2B6E7587000230FA /* LaunchScreen.storyboard in Resources */ = {isa = PBXBuildFile; fileRef = 552A7A3A2B6E7587000230FA /* LaunchScreen.storyboard */; };
		552A7A472B6E7587000230FA /* BringGlobalTests.swift in Sources */ = {isa = PBXBuildFile; fileRef = 552A7A462B6E7587000230FA /* BringGlobalTests.swift */; };
		552A7A512B6E7587000230FA /* BringGlobalUITests.swift in Sources */ = {isa = PBXBuildFile; fileRef = 552A7A502B6E7587000230FA /* BringGlobalUITests.swift */; };
		552A7A532B6E7587000230FA /* BringGlobalUITestsLaunchTests.swift in Sources */ = {isa = PBXBuildFile; fileRef = 552A7A522B6E7587000230FA /* BringGlobalUITestsLaunchTests.swift */; };
		552A7A672B6E7762000230FA /* HomeRouter.swift in Sources */ = {isa = PBXBuildFile; fileRef = 552A7A632B6E7762000230FA /* HomeRouter.swift */; };
		552A7A682B6E7762000230FA /* HomeViewController.swift in Sources */ = {isa = PBXBuildFile; fileRef = 552A7A642B6E7762000230FA /* HomeViewController.swift */; };
		552A7A692B6E7762000230FA /* HomeViewModel.swift in Sources */ = {isa = PBXBuildFile; fileRef = 552A7A652B6E7762000230FA /* HomeViewModel.swift */; };
		552A7A6A2B6E7762000230FA /* HomeViewController.xib in Resources */ = {isa = PBXBuildFile; fileRef = 552A7A662B6E7762000230FA /* HomeViewController.xib */; };
		552A7A6E2B6E7AE5000230FA /* UIBarButtonItem+Ext.swift in Sources */ = {isa = PBXBuildFile; fileRef = 552A7A6D2B6E7AE5000230FA /* UIBarButtonItem+Ext.swift */; };
		552A7A702B6E7B81000230FA /* UIImage+Ext.swift in Sources */ = {isa = PBXBuildFile; fileRef = 552A7A6F2B6E7B81000230FA /* UIImage+Ext.swift */; };
		552A7A762B6E7DBC000230FA /* SettingsRouter.swift in Sources */ = {isa = PBXBuildFile; fileRef = 552A7A722B6E7DBC000230FA /* SettingsRouter.swift */; };
		552A7A772B6E7DBC000230FA /* SettingsViewController.swift in Sources */ = {isa = PBXBuildFile; fileRef = 552A7A732B6E7DBC000230FA /* SettingsViewController.swift */; };
		552A7A782B6E7DBC000230FA /* SettingsViewModel.swift in Sources */ = {isa = PBXBuildFile; fileRef = 552A7A742B6E7DBC000230FA /* SettingsViewModel.swift */; };
		552A7A792B6E7DBC000230FA /* SettingsViewController.xib in Resources */ = {isa = PBXBuildFile; fileRef = 552A7A752B6E7DBC000230FA /* SettingsViewController.xib */; };
		552A7A7B2B6E7EC7000230FA /* UINavigationBar+Ext.swift in Sources */ = {isa = PBXBuildFile; fileRef = 552A7A7A2B6E7EC7000230FA /* UINavigationBar+Ext.swift */; };
		552A7A7D2B6E81F9000230FA /* UIView+Ext.swift in Sources */ = {isa = PBXBuildFile; fileRef = 552A7A7C2B6E81F9000230FA /* UIView+Ext.swift */; };
		552A7A812B6E827A000230FA /* LocationCell.swift in Sources */ = {isa = PBXBuildFile; fileRef = 552A7A7F2B6E827A000230FA /* LocationCell.swift */; };
		552A7A822B6E827A000230FA /* LocationCell.xib in Resources */ = {isa = PBXBuildFile; fileRef = 552A7A802B6E827A000230FA /* LocationCell.xib */; };
		552A7A852B6E837C000230FA /* LocationModel.swift in Sources */ = {isa = PBXBuildFile; fileRef = 552A7A842B6E837C000230FA /* LocationModel.swift */; };
		552A7A8B2B6E84F5000230FA /* MapsRouter.swift in Sources */ = {isa = PBXBuildFile; fileRef = 552A7A872B6E84F5000230FA /* MapsRouter.swift */; };
		552A7A8C2B6E84F5000230FA /* MapsViewController.swift in Sources */ = {isa = PBXBuildFile; fileRef = 552A7A882B6E84F5000230FA /* MapsViewController.swift */; };
		552A7A8D2B6E84F5000230FA /* MapsViewModel.swift in Sources */ = {isa = PBXBuildFile; fileRef = 552A7A892B6E84F5000230FA /* MapsViewModel.swift */; };
		552A7A8E2B6E84F5000230FA /* MapsViewController.xib in Resources */ = {isa = PBXBuildFile; fileRef = 552A7A8A2B6E84F5000230FA /* MapsViewController.xib */; };
		552A7A952B6E9B94000230FA /* CustomCalloutView.swift in Sources */ = {isa = PBXBuildFile; fileRef = 552A7A942B6E9B94000230FA /* CustomCalloutView.swift */; };
		552A7A972B6E9BE0000230FA /* CalloutView.swift in Sources */ = {isa = PBXBuildFile; fileRef = 552A7A962B6E9BE0000230FA /* CalloutView.swift */; };
		552A7A992B6E9C34000230FA /* CustomAnnotationView.swift in Sources */ = {isa = PBXBuildFile; fileRef = 552A7A982B6E9C34000230FA /* CustomAnnotationView.swift */; };
		552A7A9C2B6EA6F7000230FA /* LocationManager.swift in Sources */ = {isa = PBXBuildFile; fileRef = 552A7A9B2B6EA6F7000230FA /* LocationManager.swift */; };
		552A7AA32B6EB716000230FA /* CityRouter.swift in Sources */ = {isa = PBXBuildFile; fileRef = 552A7A9F2B6EB716000230FA /* CityRouter.swift */; };
		552A7AA42B6EB716000230FA /* CityViewController.swift in Sources */ = {isa = PBXBuildFile; fileRef = 552A7AA02B6EB716000230FA /* CityViewController.swift */; };
		552A7AA52B6EB716000230FA /* CityViewModel.swift in Sources */ = {isa = PBXBuildFile; fileRef = 552A7AA12B6EB716000230FA /* CityViewModel.swift */; };
		552A7AA62B6EB716000230FA /* CityViewController.xib in Resources */ = {isa = PBXBuildFile; fileRef = 552A7AA22B6EB716000230FA /* CityViewController.xib */; };
		552A7AAC2B6EB9B4000230FA /* Constants.swift in Sources */ = {isa = PBXBuildFile; fileRef = 552A7AAB2B6EB9B4000230FA /* Constants.swift */; };
		552A7AAF2B6EB9C8000230FA /* APIURL.swift in Sources */ = {isa = PBXBuildFile; fileRef = 552A7AAD2B6EB9C8000230FA /* APIURL.swift */; };
		552A7AB02B6EB9C8000230FA /* APIPath.swift in Sources */ = {isa = PBXBuildFile; fileRef = 552A7AAE2B6EB9C8000230FA /* APIPath.swift */; };
		552A7AB32B6EB9D3000230FA /* APIErrorResponse.swift in Sources */ = {isa = PBXBuildFile; fileRef = 552A7AB12B6EB9D3000230FA /* APIErrorResponse.swift */; };
		552A7AB42B6EB9D3000230FA /* ResultResponse.swift in Sources */ = {isa = PBXBuildFile; fileRef = 552A7AB22B6EB9D3000230FA /* ResultResponse.swift */; };
		552A7AB92B6EB9DD000230FA /* HTTPMethod.swift in Sources */ = {isa = PBXBuildFile; fileRef = 552A7AB52B6EB9DD000230FA /* HTTPMethod.swift */; };
		552A7ABA2B6EB9DD000230FA /* APIRequest.swift in Sources */ = {isa = PBXBuildFile; fileRef = 552A7AB62B6EB9DD000230FA /* APIRequest.swift */; };
		552A7ABB2B6EB9DD000230FA /* NetworkRequester.swift in Sources */ = {isa = PBXBuildFile; fileRef = 552A7AB72B6EB9DD000230FA /* NetworkRequester.swift */; };
		552A7ABC2B6EB9DD000230FA /* NetworkRequest.swift in Sources */ = {isa = PBXBuildFile; fileRef = 552A7AB82B6EB9DD000230FA /* NetworkRequest.swift */; };
		552A7AC02B6EBD01000230FA /* WeatherTodayCVC.swift in Sources */ = {isa = PBXBuildFile; fileRef = 552A7ABE2B6EBD01000230FA /* WeatherTodayCVC.swift */; };
		552A7AC12B6EBD01000230FA /* WeatherTodayCVC.xib in Resources */ = {isa = PBXBuildFile; fileRef = 552A7ABF2B6EBD01000230FA /* WeatherTodayCVC.xib */; };
		552A7AC32B6EBD38000230FA /* NKWeatherCodable.swift in Sources */ = {isa = PBXBuildFile; fileRef = 552A7AC22B6EBD38000230FA /* NKWeatherCodable.swift */; };
		552A7AC52B6EBD7C000230FA /* Date+Ext.swift in Sources */ = {isa = PBXBuildFile; fileRef = 552A7AC42B6EBD7C000230FA /* Date+Ext.swift */; };
		552A7AC72B6EBD9C000230FA /* Double+Ext.swift in Sources */ = {isa = PBXBuildFile; fileRef = 552A7AC62B6EBD9C000230FA /* Double+Ext.swift */; };
		552A7AC92B6EBDBD000230FA /* String+Ext.swift in Sources */ = {isa = PBXBuildFile; fileRef = 552A7AC82B6EBDBD000230FA /* String+Ext.swift */; };
		552A7ACD2B6EBE40000230FA /* WeatherService.swift in Sources */ = {isa = PBXBuildFile; fileRef = 552A7ACB2B6EBE40000230FA /* WeatherService.swift */; };
		552A7ACE2B6EBE40000230FA /* WeatherRequest.swift in Sources */ = {isa = PBXBuildFile; fileRef = 552A7ACC2B6EBE40000230FA /* WeatherRequest.swift */; };
		552A7AD02B6EBE49000230FA /* WeatherRequestModel.swift in Sources */ = {isa = PBXBuildFile; fileRef = 552A7ACF2B6EBE49000230FA /* WeatherRequestModel.swift */; };
		552A7AD22B6EBF1B000230FA /* NSObject+Ext.swift in Sources */ = {isa = PBXBuildFile; fileRef = 552A7AD12B6EBF1B000230FA /* NSObject+Ext.swift */; };
		552A7AD72B6EC838000230FA /* UIImageView+Ext.swift in Sources */ = {isa = PBXBuildFile; fileRef = 552A7AD62B6EC838000230FA /* UIImageView+Ext.swift */; };
		552A7ADD2B6ECC20000230FA /* City7DaysRouter.swift in Sources */ = {isa = PBXBuildFile; fileRef = 552A7AD92B6ECC20000230FA /* City7DaysRouter.swift */; };
		552A7ADE2B6ECC20000230FA /* City7DaysViewController.swift in Sources */ = {isa = PBXBuildFile; fileRef = 552A7ADA2B6ECC20000230FA /* City7DaysViewController.swift */; };
		552A7ADF2B6ECC20000230FA /* City7DaysViewModel.swift in Sources */ = {isa = PBXBuildFile; fileRef = 552A7ADB2B6ECC20000230FA /* City7DaysViewModel.swift */; };
		552A7AE02B6ECC20000230FA /* City7DaysViewController.xib in Resources */ = {isa = PBXBuildFile; fileRef = 552A7ADC2B6ECC20000230FA /* City7DaysViewController.xib */; };
		552A7AE42B6ECD35000230FA /* WeatherDayTVC.xib in Resources */ = {isa = PBXBuildFile; fileRef = 552A7AE22B6ECD35000230FA /* WeatherDayTVC.xib */; };
		552A7AE52B6ECD35000230FA /* WeatherDayTVC.swift in Sources */ = {isa = PBXBuildFile; fileRef = 552A7AE32B6ECD35000230FA /* WeatherDayTVC.swift */; };
		552A7AED2B6EE330000230FA /* HomeViewModelTests.swift in Sources */ = {isa = PBXBuildFile; fileRef = 552A7AEC2B6EE330000230FA /* HomeViewModelTests.swift */; };
		552A7AF02B6EE4A2000230FA /* LocationManagerMock.swift in Sources */ = {isa = PBXBuildFile; fileRef = 552A7AEF2B6EE4A2000230FA /* LocationManagerMock.swift */; };
		552A7AF22B6EE74B000230FA /* HomeViewMock.swift in Sources */ = {isa = PBXBuildFile; fileRef = 552A7AF12B6EE74B000230FA /* HomeViewMock.swift */; };
		552A7AF42B6EE898000230FA /* SettingsViewModelTests.swift in Sources */ = {isa = PBXBuildFile; fileRef = 552A7AF32B6EE898000230FA /* SettingsViewModelTests.swift */; };
		552A7AF62B6EE8CD000230FA /* SettingsViewMock.swift in Sources */ = {isa = PBXBuildFile; fileRef = 552A7AF52B6EE8CD000230FA /* SettingsViewMock.swift */; };
		552A7AF82B6EEA3B000230FA /* MapsViewModelTests.swift in Sources */ = {isa = PBXBuildFile; fileRef = 552A7AF72B6EEA3B000230FA /* MapsViewModelTests.swift */; };
		552A7AFA2B6EEA68000230FA /* MapsViewMock.swift in Sources */ = {isa = PBXBuildFile; fileRef = 552A7AF92B6EEA68000230FA /* MapsViewMock.swift */; };
		552A7AFE2B6EEBF8000230FA /* CityViewModelTests.swift in Sources */ = {isa = PBXBuildFile; fileRef = 552A7AFD2B6EEBF8000230FA /* CityViewModelTests.swift */; };
		552A7B002B6EEC30000230FA /* CityViewMock.swift in Sources */ = {isa = PBXBuildFile; fileRef = 552A7AFF2B6EEC30000230FA /* CityViewMock.swift */; };
		552A7B022B6EED4F000230FA /* CityRouterMock.swift in Sources */ = {isa = PBXBuildFile; fileRef = 552A7B012B6EED4F000230FA /* CityRouterMock.swift */; };
		552A7B042B6EEE59000230FA /* WeatherServiceMock.swift in Sources */ = {isa = PBXBuildFile; fileRef = 552A7B032B6EEE59000230FA /* WeatherServiceMock.swift */; };
		552A7B062B6EF242000230FA /* City7DaysViewModelTests.swift in Sources */ = {isa = PBXBuildFile; fileRef = 552A7B052B6EF242000230FA /* City7DaysViewModelTests.swift */; };
		552A7B082B6EF2D5000230FA /* City7DaysViewMock.swift in Sources */ = {isa = PBXBuildFile; fileRef = 552A7B072B6EF2D5000230FA /* City7DaysViewMock.swift */; };
/* End PBXBuildFile section */

/* Begin PBXContainerItemProxy section */
		552A7A432B6E7587000230FA /* PBXContainerItemProxy */ = {
			isa = PBXContainerItemProxy;
			containerPortal = 552A7A242B6E7585000230FA /* Project object */;
			proxyType = 1;
			remoteGlobalIDString = 552A7A2B2B6E7586000230FA;
			remoteInfo = BringGlobal;
		};
		552A7A4D2B6E7587000230FA /* PBXContainerItemProxy */ = {
			isa = PBXContainerItemProxy;
			containerPortal = 552A7A242B6E7585000230FA /* Project object */;
			proxyType = 1;
			remoteGlobalIDString = 552A7A2B2B6E7586000230FA;
			remoteInfo = BringGlobal;
		};
/* End PBXContainerItemProxy section */

/* Begin PBXFileReference section */
		552A7A2C2B6E7586000230FA /* BringGlobal.app */ = {isa = PBXFileReference; explicitFileType = wrapper.application; includeInIndex = 0; path = BringGlobal.app; sourceTree = BUILT_PRODUCTS_DIR; };
		552A7A2F2B6E7586000230FA /* AppDelegate.swift */ = {isa = PBXFileReference; lastKnownFileType = sourcecode.swift; path = AppDelegate.swift; sourceTree = "<group>"; };
		552A7A312B6E7586000230FA /* SceneDelegate.swift */ = {isa = PBXFileReference; lastKnownFileType = sourcecode.swift; path = SceneDelegate.swift; sourceTree = "<group>"; };
		552A7A382B6E7587000230FA /* Assets.xcassets */ = {isa = PBXFileReference; lastKnownFileType = folder.assetcatalog; path = Assets.xcassets; sourceTree = "<group>"; };
		552A7A3B2B6E7587000230FA /* Base */ = {isa = PBXFileReference; lastKnownFileType = file.storyboard; name = Base; path = Base.lproj/LaunchScreen.storyboard; sourceTree = "<group>"; };
		552A7A3D2B6E7587000230FA /* Info.plist */ = {isa = PBXFileReference; lastKnownFileType = text.plist.xml; path = Info.plist; sourceTree = "<group>"; };
		552A7A422B6E7587000230FA /* BringGlobalTests.xctest */ = {isa = PBXFileReference; explicitFileType = wrapper.cfbundle; includeInIndex = 0; path = BringGlobalTests.xctest; sourceTree = BUILT_PRODUCTS_DIR; };
		552A7A462B6E7587000230FA /* BringGlobalTests.swift */ = {isa = PBXFileReference; lastKnownFileType = sourcecode.swift; path = BringGlobalTests.swift; sourceTree = "<group>"; };
		552A7A4C2B6E7587000230FA /* BringGlobalUITests.xctest */ = {isa = PBXFileReference; explicitFileType = wrapper.cfbundle; includeInIndex = 0; path = BringGlobalUITests.xctest; sourceTree = BUILT_PRODUCTS_DIR; };
		552A7A502B6E7587000230FA /* BringGlobalUITests.swift */ = {isa = PBXFileReference; lastKnownFileType = sourcecode.swift; path = BringGlobalUITests.swift; sourceTree = "<group>"; };
		552A7A522B6E7587000230FA /* BringGlobalUITestsLaunchTests.swift */ = {isa = PBXFileReference; lastKnownFileType = sourcecode.swift; path = BringGlobalUITestsLaunchTests.swift; sourceTree = "<group>"; };
		552A7A632B6E7762000230FA /* HomeRouter.swift */ = {isa = PBXFileReference; lastKnownFileType = sourcecode.swift; path = HomeRouter.swift; sourceTree = "<group>"; };
		552A7A642B6E7762000230FA /* HomeViewController.swift */ = {isa = PBXFileReference; lastKnownFileType = sourcecode.swift; path = HomeViewController.swift; sourceTree = "<group>"; };
		552A7A652B6E7762000230FA /* HomeViewModel.swift */ = {isa = PBXFileReference; lastKnownFileType = sourcecode.swift; path = HomeViewModel.swift; sourceTree = "<group>"; };
		552A7A662B6E7762000230FA /* HomeViewController.xib */ = {isa = PBXFileReference; lastKnownFileType = file.xib; path = HomeViewController.xib; sourceTree = "<group>"; };
		552A7A6D2B6E7AE5000230FA /* UIBarButtonItem+Ext.swift */ = {isa = PBXFileReference; lastKnownFileType = sourcecode.swift; path = "UIBarButtonItem+Ext.swift"; sourceTree = "<group>"; };
		552A7A6F2B6E7B81000230FA /* UIImage+Ext.swift */ = {isa = PBXFileReference; lastKnownFileType = sourcecode.swift; path = "UIImage+Ext.swift"; sourceTree = "<group>"; };
		552A7A722B6E7DBC000230FA /* SettingsRouter.swift */ = {isa = PBXFileReference; lastKnownFileType = sourcecode.swift; path = SettingsRouter.swift; sourceTree = "<group>"; };
		552A7A732B6E7DBC000230FA /* SettingsViewController.swift */ = {isa = PBXFileReference; lastKnownFileType = sourcecode.swift; path = SettingsViewController.swift; sourceTree = "<group>"; };
		552A7A742B6E7DBC000230FA /* SettingsViewModel.swift */ = {isa = PBXFileReference; lastKnownFileType = sourcecode.swift; path = SettingsViewModel.swift; sourceTree = "<group>"; };
		552A7A752B6E7DBC000230FA /* SettingsViewController.xib */ = {isa = PBXFileReference; lastKnownFileType = file.xib; path = SettingsViewController.xib; sourceTree = "<group>"; };
		552A7A7A2B6E7EC7000230FA /* UINavigationBar+Ext.swift */ = {isa = PBXFileReference; lastKnownFileType = sourcecode.swift; path = "UINavigationBar+Ext.swift"; sourceTree = "<group>"; };
		552A7A7C2B6E81F9000230FA /* UIView+Ext.swift */ = {isa = PBXFileReference; lastKnownFileType = sourcecode.swift; path = "UIView+Ext.swift"; sourceTree = "<group>"; };
		552A7A7F2B6E827A000230FA /* LocationCell.swift */ = {isa = PBXFileReference; lastKnownFileType = sourcecode.swift; path = LocationCell.swift; sourceTree = "<group>"; };
		552A7A802B6E827A000230FA /* LocationCell.xib */ = {isa = PBXFileReference; lastKnownFileType = file.xib; path = LocationCell.xib; sourceTree = "<group>"; };
		552A7A842B6E837C000230FA /* LocationModel.swift */ = {isa = PBXFileReference; lastKnownFileType = sourcecode.swift; path = LocationModel.swift; sourceTree = "<group>"; };
		552A7A872B6E84F5000230FA /* MapsRouter.swift */ = {isa = PBXFileReference; lastKnownFileType = sourcecode.swift; path = MapsRouter.swift; sourceTree = "<group>"; };
		552A7A882B6E84F5000230FA /* MapsViewController.swift */ = {isa = PBXFileReference; lastKnownFileType = sourcecode.swift; path = MapsViewController.swift; sourceTree = "<group>"; };
		552A7A892B6E84F5000230FA /* MapsViewModel.swift */ = {isa = PBXFileReference; lastKnownFileType = sourcecode.swift; path = MapsViewModel.swift; sourceTree = "<group>"; };
		552A7A8A2B6E84F5000230FA /* MapsViewController.xib */ = {isa = PBXFileReference; lastKnownFileType = file.xib; path = MapsViewController.xib; sourceTree = "<group>"; };
		552A7A942B6E9B94000230FA /* CustomCalloutView.swift */ = {isa = PBXFileReference; lastKnownFileType = sourcecode.swift; path = CustomCalloutView.swift; sourceTree = "<group>"; };
		552A7A962B6E9BE0000230FA /* CalloutView.swift */ = {isa = PBXFileReference; lastKnownFileType = sourcecode.swift; path = CalloutView.swift; sourceTree = "<group>"; };
		552A7A982B6E9C34000230FA /* CustomAnnotationView.swift */ = {isa = PBXFileReference; lastKnownFileType = sourcecode.swift; path = CustomAnnotationView.swift; sourceTree = "<group>"; };
		552A7A9B2B6EA6F7000230FA /* LocationManager.swift */ = {isa = PBXFileReference; lastKnownFileType = sourcecode.swift; path = LocationManager.swift; sourceTree = "<group>"; };
		552A7A9F2B6EB716000230FA /* CityRouter.swift */ = {isa = PBXFileReference; lastKnownFileType = sourcecode.swift; path = CityRouter.swift; sourceTree = "<group>"; };
		552A7AA02B6EB716000230FA /* CityViewController.swift */ = {isa = PBXFileReference; lastKnownFileType = sourcecode.swift; path = CityViewController.swift; sourceTree = "<group>"; };
		552A7AA12B6EB716000230FA /* CityViewModel.swift */ = {isa = PBXFileReference; lastKnownFileType = sourcecode.swift; path = CityViewModel.swift; sourceTree = "<group>"; };
		552A7AA22B6EB716000230FA /* CityViewController.xib */ = {isa = PBXFileReference; lastKnownFileType = file.xib; path = CityViewController.xib; sourceTree = "<group>"; };
		552A7AAB2B6EB9B4000230FA /* Constants.swift */ = {isa = PBXFileReference; lastKnownFileType = sourcecode.swift; path = Constants.swift; sourceTree = "<group>"; };
		552A7AAD2B6EB9C8000230FA /* APIURL.swift */ = {isa = PBXFileReference; fileEncoding = 4; lastKnownFileType = sourcecode.swift; path = APIURL.swift; sourceTree = "<group>"; };
		552A7AAE2B6EB9C8000230FA /* APIPath.swift */ = {isa = PBXFileReference; fileEncoding = 4; lastKnownFileType = sourcecode.swift; path = APIPath.swift; sourceTree = "<group>"; };
		552A7AB12B6EB9D3000230FA /* APIErrorResponse.swift */ = {isa = PBXFileReference; fileEncoding = 4; lastKnownFileType = sourcecode.swift; path = APIErrorResponse.swift; sourceTree = "<group>"; };
		552A7AB22B6EB9D3000230FA /* ResultResponse.swift */ = {isa = PBXFileReference; fileEncoding = 4; lastKnownFileType = sourcecode.swift; path = ResultResponse.swift; sourceTree = "<group>"; };
		552A7AB52B6EB9DD000230FA /* HTTPMethod.swift */ = {isa = PBXFileReference; fileEncoding = 4; lastKnownFileType = sourcecode.swift; path = HTTPMethod.swift; sourceTree = "<group>"; };
		552A7AB62B6EB9DD000230FA /* APIRequest.swift */ = {isa = PBXFileReference; fileEncoding = 4; lastKnownFileType = sourcecode.swift; path = APIRequest.swift; sourceTree = "<group>"; };
		552A7AB72B6EB9DD000230FA /* NetworkRequester.swift */ = {isa = PBXFileReference; fileEncoding = 4; lastKnownFileType = sourcecode.swift; path = NetworkRequester.swift; sourceTree = "<group>"; };
		552A7AB82B6EB9DD000230FA /* NetworkRequest.swift */ = {isa = PBXFileReference; fileEncoding = 4; lastKnownFileType = sourcecode.swift; path = NetworkRequest.swift; sourceTree = "<group>"; };
		552A7ABE2B6EBD01000230FA /* WeatherTodayCVC.swift */ = {isa = PBXFileReference; fileEncoding = 4; lastKnownFileType = sourcecode.swift; path = WeatherTodayCVC.swift; sourceTree = "<group>"; };
		552A7ABF2B6EBD01000230FA /* WeatherTodayCVC.xib */ = {isa = PBXFileReference; fileEncoding = 4; lastKnownFileType = file.xib; path = WeatherTodayCVC.xib; sourceTree = "<group>"; };
		552A7AC22B6EBD38000230FA /* NKWeatherCodable.swift */ = {isa = PBXFileReference; lastKnownFileType = sourcecode.swift; path = NKWeatherCodable.swift; sourceTree = "<group>"; };
		552A7AC42B6EBD7C000230FA /* Date+Ext.swift */ = {isa = PBXFileReference; lastKnownFileType = sourcecode.swift; path = "Date+Ext.swift"; sourceTree = "<group>"; };
		552A7AC62B6EBD9C000230FA /* Double+Ext.swift */ = {isa = PBXFileReference; lastKnownFileType = sourcecode.swift; path = "Double+Ext.swift"; sourceTree = "<group>"; };
		552A7AC82B6EBDBD000230FA /* String+Ext.swift */ = {isa = PBXFileReference; lastKnownFileType = sourcecode.swift; path = "String+Ext.swift"; sourceTree = "<group>"; };
		552A7ACB2B6EBE40000230FA /* WeatherService.swift */ = {isa = PBXFileReference; fileEncoding = 4; lastKnownFileType = sourcecode.swift; path = WeatherService.swift; sourceTree = "<group>"; };
		552A7ACC2B6EBE40000230FA /* WeatherRequest.swift */ = {isa = PBXFileReference; fileEncoding = 4; lastKnownFileType = sourcecode.swift; path = WeatherRequest.swift; sourceTree = "<group>"; };
		552A7ACF2B6EBE49000230FA /* WeatherRequestModel.swift */ = {isa = PBXFileReference; fileEncoding = 4; lastKnownFileType = sourcecode.swift; path = WeatherRequestModel.swift; sourceTree = "<group>"; };
		552A7AD12B6EBF1B000230FA /* NSObject+Ext.swift */ = {isa = PBXFileReference; lastKnownFileType = sourcecode.swift; path = "NSObject+Ext.swift"; sourceTree = "<group>"; };
		552A7AD62B6EC838000230FA /* UIImageView+Ext.swift */ = {isa = PBXFileReference; lastKnownFileType = sourcecode.swift; path = "UIImageView+Ext.swift"; sourceTree = "<group>"; };
		552A7AD92B6ECC20000230FA /* City7DaysRouter.swift */ = {isa = PBXFileReference; lastKnownFileType = sourcecode.swift; path = City7DaysRouter.swift; sourceTree = "<group>"; };
		552A7ADA2B6ECC20000230FA /* City7DaysViewController.swift */ = {isa = PBXFileReference; lastKnownFileType = sourcecode.swift; path = City7DaysViewController.swift; sourceTree = "<group>"; };
		552A7ADB2B6ECC20000230FA /* City7DaysViewModel.swift */ = {isa = PBXFileReference; lastKnownFileType = sourcecode.swift; path = City7DaysViewModel.swift; sourceTree = "<group>"; };
		552A7ADC2B6ECC20000230FA /* City7DaysViewController.xib */ = {isa = PBXFileReference; lastKnownFileType = file.xib; path = City7DaysViewController.xib; sourceTree = "<group>"; };
		552A7AE22B6ECD35000230FA /* WeatherDayTVC.xib */ = {isa = PBXFileReference; fileEncoding = 4; lastKnownFileType = file.xib; path = WeatherDayTVC.xib; sourceTree = "<group>"; };
		552A7AE32B6ECD35000230FA /* WeatherDayTVC.swift */ = {isa = PBXFileReference; fileEncoding = 4; lastKnownFileType = sourcecode.swift; path = WeatherDayTVC.swift; sourceTree = "<group>"; };
		552A7AEC2B6EE330000230FA /* HomeViewModelTests.swift */ = {isa = PBXFileReference; lastKnownFileType = sourcecode.swift; path = HomeViewModelTests.swift; sourceTree = "<group>"; };
		552A7AEF2B6EE4A2000230FA /* LocationManagerMock.swift */ = {isa = PBXFileReference; lastKnownFileType = sourcecode.swift; path = LocationManagerMock.swift; sourceTree = "<group>"; };
		552A7AF12B6EE74B000230FA /* HomeViewMock.swift */ = {isa = PBXFileReference; lastKnownFileType = sourcecode.swift; path = HomeViewMock.swift; sourceTree = "<group>"; };
		552A7AF32B6EE898000230FA /* SettingsViewModelTests.swift */ = {isa = PBXFileReference; lastKnownFileType = sourcecode.swift; path = SettingsViewModelTests.swift; sourceTree = "<group>"; };
		552A7AF52B6EE8CD000230FA /* SettingsViewMock.swift */ = {isa = PBXFileReference; lastKnownFileType = sourcecode.swift; path = SettingsViewMock.swift; sourceTree = "<group>"; };
		552A7AF72B6EEA3B000230FA /* MapsViewModelTests.swift */ = {isa = PBXFileReference; lastKnownFileType = sourcecode.swift; path = MapsViewModelTests.swift; sourceTree = "<group>"; };
		552A7AF92B6EEA68000230FA /* MapsViewMock.swift */ = {isa = PBXFileReference; lastKnownFileType = sourcecode.swift; path = MapsViewMock.swift; sourceTree = "<group>"; };
		552A7AFD2B6EEBF8000230FA /* CityViewModelTests.swift */ = {isa = PBXFileReference; lastKnownFileType = sourcecode.swift; path = CityViewModelTests.swift; sourceTree = "<group>"; };
		552A7AFF2B6EEC30000230FA /* CityViewMock.swift */ = {isa = PBXFileReference; lastKnownFileType = sourcecode.swift; path = CityViewMock.swift; sourceTree = "<group>"; };
		552A7B012B6EED4F000230FA /* CityRouterMock.swift */ = {isa = PBXFileReference; lastKnownFileType = sourcecode.swift; path = CityRouterMock.swift; sourceTree = "<group>"; };
		552A7B032B6EEE59000230FA /* WeatherServiceMock.swift */ = {isa = PBXFileReference; lastKnownFileType = sourcecode.swift; path = WeatherServiceMock.swift; sourceTree = "<group>"; };
		552A7B052B6EF242000230FA /* City7DaysViewModelTests.swift */ = {isa = PBXFileReference; lastKnownFileType = sourcecode.swift; path = City7DaysViewModelTests.swift; sourceTree = "<group>"; };
		552A7B072B6EF2D5000230FA /* City7DaysViewMock.swift */ = {isa = PBXFileReference; lastKnownFileType = sourcecode.swift; path = City7DaysViewMock.swift; sourceTree = "<group>"; };
/* End PBXFileReference section */

/* Begin PBXFrameworksBuildPhase section */
		552A7A292B6E7586000230FA /* Frameworks */ = {
			isa = PBXFrameworksBuildPhase;
			buildActionMask = 2147483647;
			files = (
			);
			runOnlyForDeploymentPostprocessing = 0;
		};
		552A7A3F2B6E7587000230FA /* Frameworks */ = {
			isa = PBXFrameworksBuildPhase;
			buildActionMask = 2147483647;
			files = (
			);
			runOnlyForDeploymentPostprocessing = 0;
		};
		552A7A492B6E7587000230FA /* Frameworks */ = {
			isa = PBXFrameworksBuildPhase;
			buildActionMask = 2147483647;
			files = (
			);
			runOnlyForDeploymentPostprocessing = 0;
		};
/* End PBXFrameworksBuildPhase section */

/* Begin PBXGroup section */
		552A7A232B6E7585000230FA = {
			isa = PBXGroup;
			children = (
				552A7A2E2B6E7586000230FA /* BringGlobal */,
				552A7A452B6E7587000230FA /* BringGlobalTests */,
				552A7A4F2B6E7587000230FA /* BringGlobalUITests */,
				552A7A2D2B6E7586000230FA /* Products */,
			);
			sourceTree = "<group>";
		};
		552A7A2D2B6E7586000230FA /* Products */ = {
			isa = PBXGroup;
			children = (
				552A7A2C2B6E7586000230FA /* BringGlobal.app */,
				552A7A422B6E7587000230FA /* BringGlobalTests.xctest */,
				552A7A4C2B6E7587000230FA /* BringGlobalUITests.xctest */,
			);
			name = Products;
			sourceTree = "<group>";
		};
		552A7A2E2B6E7586000230FA /* BringGlobal */ = {
			isa = PBXGroup;
			children = (
				552A7A6B2B6E7AD1000230FA /* Commons */,
				552A7A5F2B6E768E000230FA /* UI */,
				552A7A2F2B6E7586000230FA /* AppDelegate.swift */,
				552A7A312B6E7586000230FA /* SceneDelegate.swift */,
				552A7A382B6E7587000230FA /* Assets.xcassets */,
				552A7A3A2B6E7587000230FA /* LaunchScreen.storyboard */,
				552A7A3D2B6E7587000230FA /* Info.plist */,
			);
			path = BringGlobal;
			sourceTree = "<group>";
		};
		552A7A452B6E7587000230FA /* BringGlobalTests */ = {
			isa = PBXGroup;
			children = (
				552A7AE62B6EE26E000230FA /* UI */,
				552A7A462B6E7587000230FA /* BringGlobalTests.swift */,
			);
			path = BringGlobalTests;
			sourceTree = "<group>";
		};
		552A7A4F2B6E7587000230FA /* BringGlobalUITests */ = {
			isa = PBXGroup;
			children = (
				552A7A502B6E7587000230FA /* BringGlobalUITests.swift */,
				552A7A522B6E7587000230FA /* BringGlobalUITestsLaunchTests.swift */,
			);
			path = BringGlobalUITests;
			sourceTree = "<group>";
		};
		552A7A5F2B6E768E000230FA /* UI */ = {
			isa = PBXGroup;
			children = (
				552A7AD82B6ECC03000230FA /* City7DaysView */,
				552A7A9E2B6EB703000230FA /* CityView */,
				552A7A862B6E84D7000230FA /* MapsView */,
				552A7A712B6E7DA8000230FA /* SettingsView */,
				552A7A602B6E7699000230FA /* HomeView */,
			);
			name = UI;
			sourceTree = "<group>";
		};
		552A7A602B6E7699000230FA /* HomeView */ = {
			isa = PBXGroup;
			children = (
				552A7A7E2B6E824A000230FA /* Cells */,
				552A7A632B6E7762000230FA /* HomeRouter.swift */,
				552A7A652B6E7762000230FA /* HomeViewModel.swift */,
				552A7A642B6E7762000230FA /* HomeViewController.swift */,
				552A7A662B6E7762000230FA /* HomeViewController.xib */,
			);
			path = HomeView;
			sourceTree = "<group>";
		};
		552A7A6B2B6E7AD1000230FA /* Commons */ = {
			isa = PBXGroup;
			children = (
				552A7AA72B6EB964000230FA /* Networking */,
				552A7A9A2B6EA6CA000230FA /* Managers */,
				552A7A832B6E836F000230FA /* Models */,
				552A7A6C2B6E7AD8000230FA /* Extensions */,
				552A7AAB2B6EB9B4000230FA /* Constants.swift */,
			);
			path = Commons;
			sourceTree = "<group>";
		};
		552A7A6C2B6E7AD8000230FA /* Extensions */ = {
			isa = PBXGroup;
			children = (
				552A7A6D2B6E7AE5000230FA /* UIBarButtonItem+Ext.swift */,
				552A7A6F2B6E7B81000230FA /* UIImage+Ext.swift */,
				552A7A7A2B6E7EC7000230FA /* UINavigationBar+Ext.swift */,
				552A7A7C2B6E81F9000230FA /* UIView+Ext.swift */,
				552A7AC42B6EBD7C000230FA /* Date+Ext.swift */,
				552A7AC62B6EBD9C000230FA /* Double+Ext.swift */,
				552A7AC82B6EBDBD000230FA /* String+Ext.swift */,
				552A7AD12B6EBF1B000230FA /* NSObject+Ext.swift */,
				552A7AD62B6EC838000230FA /* UIImageView+Ext.swift */,
			);
			name = Extensions;
			sourceTree = "<group>";
		};
		552A7A712B6E7DA8000230FA /* SettingsView */ = {
			isa = PBXGroup;
			children = (
				552A7A722B6E7DBC000230FA /* SettingsRouter.swift */,
				552A7A742B6E7DBC000230FA /* SettingsViewModel.swift */,
				552A7A732B6E7DBC000230FA /* SettingsViewController.swift */,
				552A7A752B6E7DBC000230FA /* SettingsViewController.xib */,
			);
			path = SettingsView;
			sourceTree = "<group>";
		};
		552A7A7E2B6E824A000230FA /* Cells */ = {
			isa = PBXGroup;
			children = (
				552A7A7F2B6E827A000230FA /* LocationCell.swift */,
				552A7A802B6E827A000230FA /* LocationCell.xib */,
			);
			path = Cells;
			sourceTree = "<group>";
		};
		552A7A832B6E836F000230FA /* Models */ = {
			isa = PBXGroup;
			children = (
				552A7A842B6E837C000230FA /* LocationModel.swift */,
				552A7AC22B6EBD38000230FA /* NKWeatherCodable.swift */,
			);
			path = Models;
			sourceTree = "<group>";
		};
		552A7A862B6E84D7000230FA /* MapsView */ = {
			isa = PBXGroup;
			children = (
				552A7A8F2B6E8FBB000230FA /* Views */,
				552A7A872B6E84F5000230FA /* MapsRouter.swift */,
				552A7A892B6E84F5000230FA /* MapsViewModel.swift */,
				552A7A882B6E84F5000230FA /* MapsViewController.swift */,
				552A7A8A2B6E84F5000230FA /* MapsViewController.xib */,
			);
			path = MapsView;
			sourceTree = "<group>";
		};
		552A7A8F2B6E8FBB000230FA /* Views */ = {
			isa = PBXGroup;
			children = (
				552A7A962B6E9BE0000230FA /* CalloutView.swift */,
				552A7A942B6E9B94000230FA /* CustomCalloutView.swift */,
				552A7A982B6E9C34000230FA /* CustomAnnotationView.swift */,
			);
			path = Views;
			sourceTree = "<group>";
		};
		552A7A9A2B6EA6CA000230FA /* Managers */ = {
			isa = PBXGroup;
			children = (
				552A7A9B2B6EA6F7000230FA /* LocationManager.swift */,
			);
			path = Managers;
			sourceTree = "<group>";
		};
		552A7A9E2B6EB703000230FA /* CityView */ = {
			isa = PBXGroup;
			children = (
				552A7ACA2B6EBE1B000230FA /* Service */,
				552A7ABD2B6EBCAA000230FA /* Cells */,
				552A7A9F2B6EB716000230FA /* CityRouter.swift */,
				552A7AA12B6EB716000230FA /* CityViewModel.swift */,
				552A7AA02B6EB716000230FA /* CityViewController.swift */,
				552A7AA22B6EB716000230FA /* CityViewController.xib */,
			);
			path = CityView;
			sourceTree = "<group>";
		};
		552A7AA72B6EB964000230FA /* Networking */ = {
			isa = PBXGroup;
			children = (
				552A7AA82B6EB976000230FA /* API */,
				552A7AA92B6EB97B000230FA /* Request */,
				552A7AAA2B6EB983000230FA /* Models */,
			);
			path = Networking;
			sourceTree = "<group>";
		};
		552A7AA82B6EB976000230FA /* API */ = {
			isa = PBXGroup;
			children = (
				552A7AAE2B6EB9C8000230FA /* APIPath.swift */,
				552A7AAD2B6EB9C8000230FA /* APIURL.swift */,
			);
			path = API;
			sourceTree = "<group>";
		};
		552A7AA92B6EB97B000230FA /* Request */ = {
			isa = PBXGroup;
			children = (
				552A7AB62B6EB9DD000230FA /* APIRequest.swift */,
				552A7AB52B6EB9DD000230FA /* HTTPMethod.swift */,
				552A7AB82B6EB9DD000230FA /* NetworkRequest.swift */,
				552A7AB72B6EB9DD000230FA /* NetworkRequester.swift */,
			);
			path = Request;
			sourceTree = "<group>";
		};
		552A7AAA2B6EB983000230FA /* Models */ = {
			isa = PBXGroup;
			children = (
				552A7AB12B6EB9D3000230FA /* APIErrorResponse.swift */,
				552A7AB22B6EB9D3000230FA /* ResultResponse.swift */,
			);
			path = Models;
			sourceTree = "<group>";
		};
		552A7ABD2B6EBCAA000230FA /* Cells */ = {
			isa = PBXGroup;
			children = (
				552A7ABE2B6EBD01000230FA /* WeatherTodayCVC.swift */,
				552A7ABF2B6EBD01000230FA /* WeatherTodayCVC.xib */,
			);
			path = Cells;
			sourceTree = "<group>";
		};
		552A7ACA2B6EBE1B000230FA /* Service */ = {
			isa = PBXGroup;
			children = (
				552A7ACF2B6EBE49000230FA /* WeatherRequestModel.swift */,
				552A7ACC2B6EBE40000230FA /* WeatherRequest.swift */,
				552A7ACB2B6EBE40000230FA /* WeatherService.swift */,
			);
			path = Service;
			sourceTree = "<group>";
		};
		552A7AD82B6ECC03000230FA /* City7DaysView */ = {
			isa = PBXGroup;
			children = (
				552A7AE12B6ECD21000230FA /* Cells */,
				552A7AD92B6ECC20000230FA /* City7DaysRouter.swift */,
				552A7ADB2B6ECC20000230FA /* City7DaysViewModel.swift */,
				552A7ADA2B6ECC20000230FA /* City7DaysViewController.swift */,
				552A7ADC2B6ECC20000230FA /* City7DaysViewController.xib */,
			);
			path = City7DaysView;
			sourceTree = "<group>";
		};
		552A7AE12B6ECD21000230FA /* Cells */ = {
			isa = PBXGroup;
			children = (
				552A7AE32B6ECD35000230FA /* WeatherDayTVC.swift */,
				552A7AE22B6ECD35000230FA /* WeatherDayTVC.xib */,
			);
			path = Cells;
			sourceTree = "<group>";
		};
		552A7AE62B6EE26E000230FA /* UI */ = {
			isa = PBXGroup;
			children = (
				552A7AEE2B6EE495000230FA /* Mocks */,
				552A7AEB2B6EE29A000230FA /* City7DaysView */,
				552A7AEA2B6EE295000230FA /* CityView */,
				552A7AE92B6EE28E000230FA /* MapsView */,
				552A7AE82B6EE287000230FA /* SettingsView */,
				552A7AE72B6EE280000230FA /* HomeView */,
			);
			path = UI;
			sourceTree = "<group>";
		};
		552A7AE72B6EE280000230FA /* HomeView */ = {
			isa = PBXGroup;
			children = (
				552A7AEC2B6EE330000230FA /* HomeViewModelTests.swift */,
			);
			path = HomeView;
			sourceTree = "<group>";
		};
		552A7AE82B6EE287000230FA /* SettingsView */ = {
			isa = PBXGroup;
			children = (
				552A7AF32B6EE898000230FA /* SettingsViewModelTests.swift */,
			);
			path = SettingsView;
			sourceTree = "<group>";
		};
		552A7AE92B6EE28E000230FA /* MapsView */ = {
			isa = PBXGroup;
			children = (
				552A7AF72B6EEA3B000230FA /* MapsViewModelTests.swift */,
			);
			path = MapsView;
			sourceTree = "<group>";
		};
		552A7AEA2B6EE295000230FA /* CityView */ = {
			isa = PBXGroup;
			children = (
				552A7AFD2B6EEBF8000230FA /* CityViewModelTests.swift */,
			);
			path = CityView;
			sourceTree = "<group>";
		};
		552A7AEB2B6EE29A000230FA /* City7DaysView */ = {
			isa = PBXGroup;
			children = (
				552A7B052B6EF242000230FA /* City7DaysViewModelTests.swift */,
			);
			path = City7DaysView;
			sourceTree = "<group>";
		};
		552A7AEE2B6EE495000230FA /* Mocks */ = {
			isa = PBXGroup;
			children = (
				552A7AEF2B6EE4A2000230FA /* LocationManagerMock.swift */,
				552A7B032B6EEE59000230FA /* WeatherServiceMock.swift */,
				552A7AF12B6EE74B000230FA /* HomeViewMock.swift */,
				552A7AF52B6EE8CD000230FA /* SettingsViewMock.swift */,
				552A7AF92B6EEA68000230FA /* MapsViewMock.swift */,
				552A7AFF2B6EEC30000230FA /* CityViewMock.swift */,
				552A7B012B6EED4F000230FA /* CityRouterMock.swift */,
				552A7B072B6EF2D5000230FA /* City7DaysViewMock.swift */,
			);
			path = Mocks;
			sourceTree = "<group>";
		};
/* End PBXGroup section */

/* Begin PBXNativeTarget section */
		552A7A2B2B6E7586000230FA /* BringGlobal */ = {
			isa = PBXNativeTarget;
			buildConfigurationList = 552A7A562B6E7587000230FA /* Build configuration list for PBXNativeTarget "BringGlobal" */;
			buildPhases = (
				552A7A282B6E7586000230FA /* Sources */,
				552A7A292B6E7586000230FA /* Frameworks */,
				552A7A2A2B6E7586000230FA /* Resources */,
			);
			buildRules = (
			);
			dependencies = (
			);
			name = BringGlobal;
			productName = BringGlobal;
			productReference = 552A7A2C2B6E7586000230FA /* BringGlobal.app */;
			productType = "com.apple.product-type.application";
		};
		552A7A412B6E7587000230FA /* BringGlobalTests */ = {
			isa = PBXNativeTarget;
			buildConfigurationList = 552A7A592B6E7587000230FA /* Build configuration list for PBXNativeTarget "BringGlobalTests" */;
			buildPhases = (
				552A7A3E2B6E7587000230FA /* Sources */,
				552A7A3F2B6E7587000230FA /* Frameworks */,
				552A7A402B6E7587000230FA /* Resources */,
			);
			buildRules = (
			);
			dependencies = (
				552A7A442B6E7587000230FA /* PBXTargetDependency */,
			);
			name = BringGlobalTests;
			productName = BringGlobalTests;
			productReference = 552A7A422B6E7587000230FA /* BringGlobalTests.xctest */;
			productType = "com.apple.product-type.bundle.unit-test";
		};
		552A7A4B2B6E7587000230FA /* BringGlobalUITests */ = {
			isa = PBXNativeTarget;
			buildConfigurationList = 552A7A5C2B6E7587000230FA /* Build configuration list for PBXNativeTarget "BringGlobalUITests" */;
			buildPhases = (
				552A7A482B6E7587000230FA /* Sources */,
				552A7A492B6E7587000230FA /* Frameworks */,
				552A7A4A2B6E7587000230FA /* Resources */,
			);
			buildRules = (
			);
			dependencies = (
				552A7A4E2B6E7587000230FA /* PBXTargetDependency */,
			);
			name = BringGlobalUITests;
			productName = BringGlobalUITests;
			productReference = 552A7A4C2B6E7587000230FA /* BringGlobalUITests.xctest */;
			productType = "com.apple.product-type.bundle.ui-testing";
		};
/* End PBXNativeTarget section */

/* Begin PBXProject section */
		552A7A242B6E7585000230FA /* Project object */ = {
			isa = PBXProject;
			attributes = {
				BuildIndependentTargetsInParallel = 1;
				LastSwiftUpdateCheck = 1500;
				LastUpgradeCheck = 1500;
				TargetAttributes = {
					552A7A2B2B6E7586000230FA = {
						CreatedOnToolsVersion = 15.0.1;
					};
					552A7A412B6E7587000230FA = {
						CreatedOnToolsVersion = 15.0.1;
						TestTargetID = 552A7A2B2B6E7586000230FA;
					};
					552A7A4B2B6E7587000230FA = {
						CreatedOnToolsVersion = 15.0.1;
						TestTargetID = 552A7A2B2B6E7586000230FA;
					};
				};
			};
			buildConfigurationList = 552A7A272B6E7585000230FA /* Build configuration list for PBXProject "BringGlobal" */;
			compatibilityVersion = "Xcode 14.0";
			developmentRegion = en;
			hasScannedForEncodings = 0;
			knownRegions = (
				en,
				Base,
			);
			mainGroup = 552A7A232B6E7585000230FA;
			productRefGroup = 552A7A2D2B6E7586000230FA /* Products */;
			projectDirPath = "";
			projectRoot = "";
			targets = (
				552A7A2B2B6E7586000230FA /* BringGlobal */,
				552A7A412B6E7587000230FA /* BringGlobalTests */,
				552A7A4B2B6E7587000230FA /* BringGlobalUITests */,
			);
		};
/* End PBXProject section */

/* Begin PBXResourcesBuildPhase section */
		552A7A2A2B6E7586000230FA /* Resources */ = {
			isa = PBXResourcesBuildPhase;
			buildActionMask = 2147483647;
			files = (
				552A7A822B6E827A000230FA /* LocationCell.xib in Resources */,
				552A7AE02B6ECC20000230FA /* City7DaysViewController.xib in Resources */,
				552A7AC12B6EBD01000230FA /* WeatherTodayCVC.xib in Resources */,
				552A7AA62B6EB716000230FA /* CityViewController.xib in Resources */,
				552A7A8E2B6E84F5000230FA /* MapsViewController.xib in Resources */,
				552A7A3C2B6E7587000230FA /* LaunchScreen.storyboard in Resources */,
				552A7A392B6E7587000230FA /* Assets.xcassets in Resources */,
				552A7A6A2B6E7762000230FA /* HomeViewController.xib in Resources */,
				552A7A792B6E7DBC000230FA /* SettingsViewController.xib in Resources */,
				552A7AE42B6ECD35000230FA /* WeatherDayTVC.xib in Resources */,
			);
			runOnlyForDeploymentPostprocessing = 0;
		};
		552A7A402B6E7587000230FA /* Resources */ = {
			isa = PBXResourcesBuildPhase;
			buildActionMask = 2147483647;
			files = (
			);
			runOnlyForDeploymentPostprocessing = 0;
		};
		552A7A4A2B6E7587000230FA /* Resources */ = {
			isa = PBXResourcesBuildPhase;
			buildActionMask = 2147483647;
			files = (
			);
			runOnlyForDeploymentPostprocessing = 0;
		};
/* End PBXResourcesBuildPhase section */

/* Begin PBXSourcesBuildPhase section */
		552A7A282B6E7586000230FA /* Sources */ = {
			isa = PBXSourcesBuildPhase;
			buildActionMask = 2147483647;
			files = (
				552A7AD72B6EC838000230FA /* UIImageView+Ext.swift in Sources */,
				552A7ADD2B6ECC20000230FA /* City7DaysRouter.swift in Sources */,
				552A7AAC2B6EB9B4000230FA /* Constants.swift in Sources */,
				552A7A7B2B6E7EC7000230FA /* UINavigationBar+Ext.swift in Sources */,
				552A7AAF2B6EB9C8000230FA /* APIURL.swift in Sources */,
				552A7A682B6E7762000230FA /* HomeViewController.swift in Sources */,
				552A7AB02B6EB9C8000230FA /* APIPath.swift in Sources */,
				552A7A762B6E7DBC000230FA /* SettingsRouter.swift in Sources */,
				552A7AC32B6EBD38000230FA /* NKWeatherCodable.swift in Sources */,
				552A7A8C2B6E84F5000230FA /* MapsViewController.swift in Sources */,
				552A7ACE2B6EBE40000230FA /* WeatherRequest.swift in Sources */,
				552A7A952B6E9B94000230FA /* CustomCalloutView.swift in Sources */,
				552A7AB92B6EB9DD000230FA /* HTTPMethod.swift in Sources */,
				552A7AD22B6EBF1B000230FA /* NSObject+Ext.swift in Sources */,
				552A7A702B6E7B81000230FA /* UIImage+Ext.swift in Sources */,
				552A7A692B6E7762000230FA /* HomeViewModel.swift in Sources */,
				552A7ADE2B6ECC20000230FA /* City7DaysViewController.swift in Sources */,
				552A7AA32B6EB716000230FA /* CityRouter.swift in Sources */,
				552A7A812B6E827A000230FA /* LocationCell.swift in Sources */,
				552A7A6E2B6E7AE5000230FA /* UIBarButtonItem+Ext.swift in Sources */,
				552A7A782B6E7DBC000230FA /* SettingsViewModel.swift in Sources */,
				552A7AC72B6EBD9C000230FA /* Double+Ext.swift in Sources */,
				552A7AB42B6EB9D3000230FA /* ResultResponse.swift in Sources */,
				552A7A8D2B6E84F5000230FA /* MapsViewModel.swift in Sources */,
				552A7A9C2B6EA6F7000230FA /* LocationManager.swift in Sources */,
				552A7AE52B6ECD35000230FA /* WeatherDayTVC.swift in Sources */,
				552A7A672B6E7762000230FA /* HomeRouter.swift in Sources */,
				552A7ABC2B6EB9DD000230FA /* NetworkRequest.swift in Sources */,
				552A7A7D2B6E81F9000230FA /* UIView+Ext.swift in Sources */,
				552A7A302B6E7586000230FA /* AppDelegate.swift in Sources */,
				552A7A322B6E7586000230FA /* SceneDelegate.swift in Sources */,
				552A7ACD2B6EBE40000230FA /* WeatherService.swift in Sources */,
				552A7AC02B6EBD01000230FA /* WeatherTodayCVC.swift in Sources */,
				552A7AB32B6EB9D3000230FA /* APIErrorResponse.swift in Sources */,
				552A7ADF2B6ECC20000230FA /* City7DaysViewModel.swift in Sources */,
				552A7A8B2B6E84F5000230FA /* MapsRouter.swift in Sources */,
				552A7AC52B6EBD7C000230FA /* Date+Ext.swift in Sources */,
				552A7AA42B6EB716000230FA /* CityViewController.swift in Sources */,
				552A7AA52B6EB716000230FA /* CityViewModel.swift in Sources */,
				552A7ABA2B6EB9DD000230FA /* APIRequest.swift in Sources */,
				552A7AC92B6EBDBD000230FA /* String+Ext.swift in Sources */,
				552A7ABB2B6EB9DD000230FA /* NetworkRequester.swift in Sources */,
				552A7AD02B6EBE49000230FA /* WeatherRequestModel.swift in Sources */,
				552A7A852B6E837C000230FA /* LocationModel.swift in Sources */,
				552A7A772B6E7DBC000230FA /* SettingsViewController.swift in Sources */,
				552A7A992B6E9C34000230FA /* CustomAnnotationView.swift in Sources */,
				552A7A972B6E9BE0000230FA /* CalloutView.swift in Sources */,
			);
			runOnlyForDeploymentPostprocessing = 0;
		};
		552A7A3E2B6E7587000230FA /* Sources */ = {
			isa = PBXSourcesBuildPhase;
			buildActionMask = 2147483647;
			files = (
				552A7AF02B6EE4A2000230FA /* LocationManagerMock.swift in Sources */,
				552A7A472B6E7587000230FA /* BringGlobalTests.swift in Sources */,
				552A7B022B6EED4F000230FA /* CityRouterMock.swift in Sources */,
				552A7AF42B6EE898000230FA /* SettingsViewModelTests.swift in Sources */,
				552A7B082B6EF2D5000230FA /* City7DaysViewMock.swift in Sources */,
				552A7AFA2B6EEA68000230FA /* MapsViewMock.swift in Sources */,
				552A7AED2B6EE330000230FA /* HomeViewModelTests.swift in Sources */,
				552A7B042B6EEE59000230FA /* WeatherServiceMock.swift in Sources */,
				552A7AFE2B6EEBF8000230FA /* CityViewModelTests.swift in Sources */,
				552A7AF22B6EE74B000230FA /* HomeViewMock.swift in Sources */,
				552A7AF82B6EEA3B000230FA /* MapsViewModelTests.swift in Sources */,
				552A7AF62B6EE8CD000230FA /* SettingsViewMock.swift in Sources */,
				552A7B002B6EEC30000230FA /* CityViewMock.swift in Sources */,
				552A7B062B6EF242000230FA /* City7DaysViewModelTests.swift in Sources */,
			);
			runOnlyForDeploymentPostprocessing = 0;
		};
		552A7A482B6E7587000230FA /* Sources */ = {
			isa = PBXSourcesBuildPhase;
			buildActionMask = 2147483647;
			files = (
				552A7A532B6E7587000230FA /* BringGlobalUITestsLaunchTests.swift in Sources */,
				552A7A512B6E7587000230FA /* BringGlobalUITests.swift in Sources */,
			);
			runOnlyForDeploymentPostprocessing = 0;
		};
/* End PBXSourcesBuildPhase section */

/* Begin PBXTargetDependency section */
		552A7A442B6E7587000230FA /* PBXTargetDependency */ = {
			isa = PBXTargetDependency;
			target = 552A7A2B2B6E7586000230FA /* BringGlobal */;
			targetProxy = 552A7A432B6E7587000230FA /* PBXContainerItemProxy */;
		};
		552A7A4E2B6E7587000230FA /* PBXTargetDependency */ = {
			isa = PBXTargetDependency;
			target = 552A7A2B2B6E7586000230FA /* BringGlobal */;
			targetProxy = 552A7A4D2B6E7587000230FA /* PBXContainerItemProxy */;
		};
/* End PBXTargetDependency section */

/* Begin PBXVariantGroup section */
		552A7A3A2B6E7587000230FA /* LaunchScreen.storyboard */ = {
			isa = PBXVariantGroup;
			children = (
				552A7A3B2B6E7587000230FA /* Base */,
			);
			name = LaunchScreen.storyboard;
			sourceTree = "<group>";
		};
/* End PBXVariantGroup section */

/* Begin XCBuildConfiguration section */
		552A7A542B6E7587000230FA /* Debug */ = {
			isa = XCBuildConfiguration;
			buildSettings = {
				ALWAYS_SEARCH_USER_PATHS = NO;
				ASSETCATALOG_COMPILER_GENERATE_SWIFT_ASSET_SYMBOL_EXTENSIONS = YES;
				CLANG_ANALYZER_NONNULL = YES;
				CLANG_ANALYZER_NUMBER_OBJECT_CONVERSION = YES_AGGRESSIVE;
				CLANG_CXX_LANGUAGE_STANDARD = "gnu++20";
				CLANG_ENABLE_MODULES = YES;
				CLANG_ENABLE_OBJC_ARC = YES;
				CLANG_ENABLE_OBJC_WEAK = YES;
				CLANG_WARN_BLOCK_CAPTURE_AUTORELEASING = YES;
				CLANG_WARN_BOOL_CONVERSION = YES;
				CLANG_WARN_COMMA = YES;
				CLANG_WARN_CONSTANT_CONVERSION = YES;
				CLANG_WARN_DEPRECATED_OBJC_IMPLEMENTATIONS = YES;
				CLANG_WARN_DIRECT_OBJC_ISA_USAGE = YES_ERROR;
				CLANG_WARN_DOCUMENTATION_COMMENTS = YES;
				CLANG_WARN_EMPTY_BODY = YES;
				CLANG_WARN_ENUM_CONVERSION = YES;
				CLANG_WARN_INFINITE_RECURSION = YES;
				CLANG_WARN_INT_CONVERSION = YES;
				CLANG_WARN_NON_LITERAL_NULL_CONVERSION = YES;
				CLANG_WARN_OBJC_IMPLICIT_RETAIN_SELF = YES;
				CLANG_WARN_OBJC_LITERAL_CONVERSION = YES;
				CLANG_WARN_OBJC_ROOT_CLASS = YES_ERROR;
				CLANG_WARN_QUOTED_INCLUDE_IN_FRAMEWORK_HEADER = YES;
				CLANG_WARN_RANGE_LOOP_ANALYSIS = YES;
				CLANG_WARN_STRICT_PROTOTYPES = YES;
				CLANG_WARN_SUSPICIOUS_MOVE = YES;
				CLANG_WARN_UNGUARDED_AVAILABILITY = YES_AGGRESSIVE;
				CLANG_WARN_UNREACHABLE_CODE = YES;
				CLANG_WARN__DUPLICATE_METHOD_MATCH = YES;
				COPY_PHASE_STRIP = NO;
				DEBUG_INFORMATION_FORMAT = dwarf;
				ENABLE_STRICT_OBJC_MSGSEND = YES;
				ENABLE_TESTABILITY = YES;
				ENABLE_USER_SCRIPT_SANDBOXING = YES;
				GCC_C_LANGUAGE_STANDARD = gnu17;
				GCC_DYNAMIC_NO_PIC = NO;
				GCC_NO_COMMON_BLOCKS = YES;
				GCC_OPTIMIZATION_LEVEL = 0;
				GCC_PREPROCESSOR_DEFINITIONS = (
					"DEBUG=1",
					"$(inherited)",
				);
				GCC_WARN_64_TO_32_BIT_CONVERSION = YES;
				GCC_WARN_ABOUT_RETURN_TYPE = YES_ERROR;
				GCC_WARN_UNDECLARED_SELECTOR = YES;
				GCC_WARN_UNINITIALIZED_AUTOS = YES_AGGRESSIVE;
				GCC_WARN_UNUSED_FUNCTION = YES;
				GCC_WARN_UNUSED_VARIABLE = YES;
				IPHONEOS_DEPLOYMENT_TARGET = 17.0;
				LOCALIZATION_PREFERS_STRING_CATALOGS = YES;
				MTL_ENABLE_DEBUG_INFO = INCLUDE_SOURCE;
				MTL_FAST_MATH = YES;
				ONLY_ACTIVE_ARCH = YES;
				SDKROOT = iphoneos;
				SWIFT_ACTIVE_COMPILATION_CONDITIONS = "DEBUG $(inherited)";
				SWIFT_OPTIMIZATION_LEVEL = "-Onone";
			};
			name = Debug;
		};
		552A7A552B6E7587000230FA /* Release */ = {
			isa = XCBuildConfiguration;
			buildSettings = {
				ALWAYS_SEARCH_USER_PATHS = NO;
				ASSETCATALOG_COMPILER_GENERATE_SWIFT_ASSET_SYMBOL_EXTENSIONS = YES;
				CLANG_ANALYZER_NONNULL = YES;
				CLANG_ANALYZER_NUMBER_OBJECT_CONVERSION = YES_AGGRESSIVE;
				CLANG_CXX_LANGUAGE_STANDARD = "gnu++20";
				CLANG_ENABLE_MODULES = YES;
				CLANG_ENABLE_OBJC_ARC = YES;
				CLANG_ENABLE_OBJC_WEAK = YES;
				CLANG_WARN_BLOCK_CAPTURE_AUTORELEASING = YES;
				CLANG_WARN_BOOL_CONVERSION = YES;
				CLANG_WARN_COMMA = YES;
				CLANG_WARN_CONSTANT_CONVERSION = YES;
				CLANG_WARN_DEPRECATED_OBJC_IMPLEMENTATIONS = YES;
				CLANG_WARN_DIRECT_OBJC_ISA_USAGE = YES_ERROR;
				CLANG_WARN_DOCUMENTATION_COMMENTS = YES;
				CLANG_WARN_EMPTY_BODY = YES;
				CLANG_WARN_ENUM_CONVERSION = YES;
				CLANG_WARN_INFINITE_RECURSION = YES;
				CLANG_WARN_INT_CONVERSION = YES;
				CLANG_WARN_NON_LITERAL_NULL_CONVERSION = YES;
				CLANG_WARN_OBJC_IMPLICIT_RETAIN_SELF = YES;
				CLANG_WARN_OBJC_LITERAL_CONVERSION = YES;
				CLANG_WARN_OBJC_ROOT_CLASS = YES_ERROR;
				CLANG_WARN_QUOTED_INCLUDE_IN_FRAMEWORK_HEADER = YES;
				CLANG_WARN_RANGE_LOOP_ANALYSIS = YES;
				CLANG_WARN_STRICT_PROTOTYPES = YES;
				CLANG_WARN_SUSPICIOUS_MOVE = YES;
				CLANG_WARN_UNGUARDED_AVAILABILITY = YES_AGGRESSIVE;
				CLANG_WARN_UNREACHABLE_CODE = YES;
				CLANG_WARN__DUPLICATE_METHOD_MATCH = YES;
				COPY_PHASE_STRIP = NO;
				DEBUG_INFORMATION_FORMAT = "dwarf-with-dsym";
				ENABLE_NS_ASSERTIONS = NO;
				ENABLE_STRICT_OBJC_MSGSEND = YES;
				ENABLE_USER_SCRIPT_SANDBOXING = YES;
				GCC_C_LANGUAGE_STANDARD = gnu17;
				GCC_NO_COMMON_BLOCKS = YES;
				GCC_WARN_64_TO_32_BIT_CONVERSION = YES;
				GCC_WARN_ABOUT_RETURN_TYPE = YES_ERROR;
				GCC_WARN_UNDECLARED_SELECTOR = YES;
				GCC_WARN_UNINITIALIZED_AUTOS = YES_AGGRESSIVE;
				GCC_WARN_UNUSED_FUNCTION = YES;
				GCC_WARN_UNUSED_VARIABLE = YES;
				IPHONEOS_DEPLOYMENT_TARGET = 17.0;
				LOCALIZATION_PREFERS_STRING_CATALOGS = YES;
				MTL_ENABLE_DEBUG_INFO = NO;
				MTL_FAST_MATH = YES;
				SDKROOT = iphoneos;
				SWIFT_COMPILATION_MODE = wholemodule;
				VALIDATE_PRODUCT = YES;
			};
			name = Release;
		};
		552A7A572B6E7587000230FA /* Debug */ = {
			isa = XCBuildConfiguration;
			buildSettings = {
				ASSETCATALOG_COMPILER_APPICON_NAME = AppIcon;
				ASSETCATALOG_COMPILER_GLOBAL_ACCENT_COLOR_NAME = AccentColor;
				CODE_SIGN_STYLE = Automatic;
				CURRENT_PROJECT_VERSION = 1;
				GENERATE_INFOPLIST_FILE = YES;
				INFOPLIST_FILE = BringGlobal/Info.plist;
				INFOPLIST_KEY_UIApplicationSupportsIndirectInputEvents = YES;
				INFOPLIST_KEY_UILaunchStoryboardName = LaunchScreen;
				INFOPLIST_KEY_UIMainStoryboardFile = "";
				INFOPLIST_KEY_UISupportedInterfaceOrientations = UIInterfaceOrientationPortrait;
				IPHONEOS_DEPLOYMENT_TARGET = 15.0;
				LD_RUNPATH_SEARCH_PATHS = (
					"$(inherited)",
					"@executable_path/Frameworks",
				);
				MARKETING_VERSION = 1.0;
				PRODUCT_BUNDLE_IDENTIFIER = com.oscargarrucho.BringGlobal;
				PRODUCT_NAME = "$(TARGET_NAME)";
				SWIFT_EMIT_LOC_STRINGS = YES;
				SWIFT_VERSION = 5.0;
				TARGETED_DEVICE_FAMILY = "1,2";
			};
			name = Debug;
		};
		552A7A582B6E7587000230FA /* Release */ = {
			isa = XCBuildConfiguration;
			buildSettings = {
				ASSETCATALOG_COMPILER_APPICON_NAME = AppIcon;
				ASSETCATALOG_COMPILER_GLOBAL_ACCENT_COLOR_NAME = AccentColor;
				CODE_SIGN_STYLE = Automatic;
				CURRENT_PROJECT_VERSION = 1;
				GENERATE_INFOPLIST_FILE = YES;
				INFOPLIST_FILE = BringGlobal/Info.plist;
				INFOPLIST_KEY_UIApplicationSupportsIndirectInputEvents = YES;
				INFOPLIST_KEY_UILaunchStoryboardName = LaunchScreen;
				INFOPLIST_KEY_UIMainStoryboardFile = "";
				INFOPLIST_KEY_UISupportedInterfaceOrientations = UIInterfaceOrientationPortrait;
				IPHONEOS_DEPLOYMENT_TARGET = 15.0;
				LD_RUNPATH_SEARCH_PATHS = (
					"$(inherited)",
					"@executable_path/Frameworks",
				);
				MARKETING_VERSION = 1.0;
				PRODUCT_BUNDLE_IDENTIFIER = com.oscargarrucho.BringGlobal;
				PRODUCT_NAME = "$(TARGET_NAME)";
				SWIFT_EMIT_LOC_STRINGS = YES;
				SWIFT_VERSION = 5.0;
				TARGETED_DEVICE_FAMILY = "1,2";
			};
			name = Release;
		};
		552A7A5A2B6E7587000230FA /* Debug */ = {
			isa = XCBuildConfiguration;
			buildSettings = {
				ALWAYS_EMBED_SWIFT_STANDARD_LIBRARIES = YES;
				BUNDLE_LOADER = "$(TEST_HOST)";
				CODE_SIGN_STYLE = Automatic;
				CURRENT_PROJECT_VERSION = 1;
				GENERATE_INFOPLIST_FILE = YES;
				IPHONEOS_DEPLOYMENT_TARGET = 17.0;
				MARKETING_VERSION = 1.0;
				PRODUCT_BUNDLE_IDENTIFIER = com.oscargarrucho.BringGlobalTests;
				PRODUCT_NAME = "$(TARGET_NAME)";
				SWIFT_EMIT_LOC_STRINGS = NO;
				SWIFT_VERSION = 5.0;
				TARGETED_DEVICE_FAMILY = "1,2";
				TEST_HOST = "$(BUILT_PRODUCTS_DIR)/BringGlobal.app/$(BUNDLE_EXECUTABLE_FOLDER_PATH)/BringGlobal";
			};
			name = Debug;
		};
		552A7A5B2B6E7587000230FA /* Release */ = {
			isa = XCBuildConfiguration;
			buildSettings = {
				ALWAYS_EMBED_SWIFT_STANDARD_LIBRARIES = YES;
				BUNDLE_LOADER = "$(TEST_HOST)";
				CODE_SIGN_STYLE = Automatic;
				CURRENT_PROJECT_VERSION = 1;
				GENERATE_INFOPLIST_FILE = YES;
				IPHONEOS_DEPLOYMENT_TARGET = 17.0;
				MARKETING_VERSION = 1.0;
				PRODUCT_BUNDLE_IDENTIFIER = com.oscargarrucho.BringGlobalTests;
				PRODUCT_NAME = "$(TARGET_NAME)";
				SWIFT_EMIT_LOC_STRINGS = NO;
				SWIFT_VERSION = 5.0;
				TARGETED_DEVICE_FAMILY = "1,2";
				TEST_HOST = "$(BUILT_PRODUCTS_DIR)/BringGlobal.app/$(BUNDLE_EXECUTABLE_FOLDER_PATH)/BringGlobal";
			};
			name = Release;
		};
		552A7A5D2B6E7587000230FA /* Debug */ = {
			isa = XCBuildConfiguration;
			buildSettings = {
				ALWAYS_EMBED_SWIFT_STANDARD_LIBRARIES = YES;
				CODE_SIGN_STYLE = Automatic;
				CURRENT_PROJECT_VERSION = 1;
				GENERATE_INFOPLIST_FILE = YES;
				MARKETING_VERSION = 1.0;
				PRODUCT_BUNDLE_IDENTIFIER = com.oscargarrucho.BringGlobalUITests;
				PRODUCT_NAME = "$(TARGET_NAME)";
				SWIFT_EMIT_LOC_STRINGS = NO;
				SWIFT_VERSION = 5.0;
				TARGETED_DEVICE_FAMILY = "1,2";
				TEST_TARGET_NAME = BringGlobal;
			};
			name = Debug;
		};
		552A7A5E2B6E7587000230FA /* Release */ = {
			isa = XCBuildConfiguration;
			buildSettings = {
				ALWAYS_EMBED_SWIFT_STANDARD_LIBRARIES = YES;
				CODE_SIGN_STYLE = Automatic;
				CURRENT_PROJECT_VERSION = 1;
				GENERATE_INFOPLIST_FILE = YES;
				MARKETING_VERSION = 1.0;
				PRODUCT_BUNDLE_IDENTIFIER = com.oscargarrucho.BringGlobalUITests;
				PRODUCT_NAME = "$(TARGET_NAME)";
				SWIFT_EMIT_LOC_STRINGS = NO;
				SWIFT_VERSION = 5.0;
				TARGETED_DEVICE_FAMILY = "1,2";
				TEST_TARGET_NAME = BringGlobal;
			};
			name = Release;
		};
/* End XCBuildConfiguration section */

/* Begin XCConfigurationList section */
		552A7A272B6E7585000230FA /* Build configuration list for PBXProject "BringGlobal" */ = {
			isa = XCConfigurationList;
			buildConfigurations = (
				552A7A542B6E7587000230FA /* Debug */,
				552A7A552B6E7587000230FA /* Release */,
			);
			defaultConfigurationIsVisible = 0;
			defaultConfigurationName = Release;
		};
		552A7A562B6E7587000230FA /* Build configuration list for PBXNativeTarget "BringGlobal" */ = {
			isa = XCConfigurationList;
			buildConfigurations = (
				552A7A572B6E7587000230FA /* Debug */,
				552A7A582B6E7587000230FA /* Release */,
			);
			defaultConfigurationIsVisible = 0;
			defaultConfigurationName = Release;
		};
		552A7A592B6E7587000230FA /* Build configuration list for PBXNativeTarget "BringGlobalTests" */ = {
			isa = XCConfigurationList;
			buildConfigurations = (
				552A7A5A2B6E7587000230FA /* Debug */,
				552A7A5B2B6E7587000230FA /* Release */,
			);
			defaultConfigurationIsVisible = 0;
			defaultConfigurationName = Release;
		};
		552A7A5C2B6E7587000230FA /* Build configuration list for PBXNativeTarget "BringGlobalUITests" */ = {
			isa = XCConfigurationList;
			buildConfigurations = (
				552A7A5D2B6E7587000230FA /* Debug */,
				552A7A5E2B6E7587000230FA /* Release */,
			);
			defaultConfigurationIsVisible = 0;
			defaultConfigurationName = Release;
		};
/* End XCConfigurationList section */
	};
	rootObject = 552A7A242B6E7585000230FA /* Project object */;
}
